
Microsoft Visual Studio Solution File, Format Version 12.00
# Visual Studio 2017
Project("{FAE04EC0-301F-11D3-BF4B-00C04F79EFBC}") = "WarOfGlory_v1.0", "WarOfGlory_v1.0.csproj", "{E3DC6124-E4DC-42E5-7380-AFF83456757C}"
EndProject
Global
	GlobalSection(SolutionConfigurationPlatforms) = preSolution
		Debug|Any CPU = Debug|Any CPU
		Release|Any CPU = Release|Any CPU
	EndGlobalSection
	GlobalSection(ProjectConfigurationPlatforms) = postSolution
		{E3DC6124-E4DC-42E5-7380-AFF83456757C}.Debug|Any CPU.ActiveCfg = Debug|Any CPU
		{E3DC6124-E4DC-42E5-7380-AFF83456757C}.Debug|Any CPU.Build.0 = Debug|Any CPU
		{E3DC6124-E4DC-42E5-7380-AFF83456757C}.Release|Any CPU.ActiveCfg = Release|Any CPU
		{E3DC6124-E4DC-42E5-7380-AFF83456757C}.Release|Any CPU.Build.0 = Release|Any CPU
	EndGlobalSection
	GlobalSection(SolutionProperties) = preSolution
		HideSolutionNode = FALSE
	EndGlobalSection
EndGlobal
